
Microsoft Visual Studio Solution File, Format Version 12.00
# Visual Studio 15
VisualStudioVersion = 15.0.26020.0
MinimumVisualStudioVersion = 10.0.40219.1
Project("{9A19103F-16F7-4668-BE54-9A1E7A4F7556}") = "Library1", "Library1\Library1.csproj", "{51697AE0-3C55-4B6E-9302-1D73E1CD63F1}"
EndProject
Project("{9A19103F-16F7-4668-BE54-9A1E7A4F7556}") = "Library2", "Library2\Library2.csproj", "{42B5E581-B786-45DA-8821-D26CAA67941B}"
EndProject
Project("{9A19103F-16F7-4668-BE54-9A1E7A4F7556}") = "Library3", "Library3\Library3.csproj", "{463503C1-4E8C-4E4C-A46D-221A96EA5A4D}"
EndProject
Project("{9A19103F-16F7-4668-BE54-9A1E7A4F7556}") = "Library4", "Library4\Library4.csproj", "{F34D99C8-7A30-4D0D-BE48-3F9BE5E639B7}"
EndProject
Project("{9A19103F-16F7-4668-BE54-9A1E7A4F7556}") = "Library5", "Library5\Library5.csproj", "{3132E1A5-FCD1-4040-9F70-4C1AFE4420FE}"
EndProject
Project("{9A19103F-16F7-4668-BE54-9A1E7A4F7556}") = "Library6", "Library6\Library6.csproj", "{71D99491-64C2-4B77-BE2C-6F9A10B15942}"
EndProject
Project("{9A19103F-16F7-4668-BE54-9A1E7A4F7556}") = "Library7", "Library7\Library7.csproj", "{C88D013B-20BD-4513-8FA2-F99161D0F8D6}"
EndProject
Project("{9A19103F-16F7-4668-BE54-9A1E7A4F7556}") = "Library8", "Library8\Library8.csproj", "{4E50F96D-D1EF-4953-962E-3260636E1298}"
EndProject
Project("{9A19103F-16F7-4668-BE54-9A1E7A4F7556}") = "Library9", "Library9\Library9.csproj", "{DC2276D4-385C-4C7B-BB04-7601F8234F0F}"
EndProject
Project("{9A19103F-16F7-4668-BE54-9A1E7A4F7556}") = "Library10", "Library10\Library10.csproj", "{4DA75E1E-96EC-4058-9BE2-B6CCC24D4FCF}"
EndProject
Project("{9A19103F-16F7-4668-BE54-9A1E7A4F7556}") = "Library12", "Library11\Library12.csproj", "{FCEBFE42-082A-4DEF-8ED6-8B1E7A6CB0E4}"
EndProject
Global
	GlobalSection(SolutionConfigurationPlatforms) = preSolution
		Debug|Any CPU = Debug|Any CPU
		Debug|x64 = Debug|x64
		Debug|x86 = Debug|x86
		Release|Any CPU = Release|Any CPU
		Release|x64 = Release|x64
		Release|x86 = Release|x86
	EndGlobalSection
	GlobalSection(ProjectConfigurationPlatforms) = postSolution
		{51697AE0-3C55-4B6E-9302-1D73E1CD63F1}.Debug|Any CPU.ActiveCfg = Debug|Any CPU
		{51697AE0-3C55-4B6E-9302-1D73E1CD63F1}.Debug|Any CPU.Build.0 = Debug|Any CPU
		{51697AE0-3C55-4B6E-9302-1D73E1CD63F1}.Debug|x64.ActiveCfg = Debug|x64
		{51697AE0-3C55-4B6E-9302-1D73E1CD63F1}.Debug|x64.Build.0 = Debug|x64
		{51697AE0-3C55-4B6E-9302-1D73E1CD63F1}.Debug|x86.ActiveCfg = Debug|x86
		{51697AE0-3C55-4B6E-9302-1D73E1CD63F1}.Debug|x86.Build.0 = Debug|x86
		{51697AE0-3C55-4B6E-9302-1D73E1CD63F1}.Release|Any CPU.ActiveCfg = Release|Any CPU
		{51697AE0-3C55-4B6E-9302-1D73E1CD63F1}.Release|Any CPU.Build.0 = Release|Any CPU
		{51697AE0-3C55-4B6E-9302-1D73E1CD63F1}.Release|x64.ActiveCfg = Release|x64
		{51697AE0-3C55-4B6E-9302-1D73E1CD63F1}.Release|x64.Build.0 = Release|x64
		{51697AE0-3C55-4B6E-9302-1D73E1CD63F1}.Release|x86.ActiveCfg = Release|x86
		{51697AE0-3C55-4B6E-9302-1D73E1CD63F1}.Release|x86.Build.0 = Release|x86
		{42B5E581-B786-45DA-8821-D26CAA67941B}.Debug|Any CPU.ActiveCfg = Debug|Any CPU
		{42B5E581-B786-45DA-8821-D26CAA67941B}.Debug|Any CPU.Build.0 = Debug|Any CPU
		{42B5E581-B786-45DA-8821-D26CAA67941B}.Debug|x64.ActiveCfg = Debug|x64
		{42B5E581-B786-45DA-8821-D26CAA67941B}.Debug|x64.Build.0 = Debug|x64
		{42B5E581-B786-45DA-8821-D26CAA67941B}.Debug|x86.ActiveCfg = Debug|x86
		{42B5E581-B786-45DA-8821-D26CAA67941B}.Debug|x86.Build.0 = Debug|x86
		{42B5E581-B786-45DA-8821-D26CAA67941B}.Release|Any CPU.ActiveCfg = Release|Any CPU
		{42B5E581-B786-45DA-8821-D26CAA67941B}.Release|Any CPU.Build.0 = Release|Any CPU
		{42B5E581-B786-45DA-8821-D26CAA67941B}.Release|x64.ActiveCfg = Release|x64
		{42B5E581-B786-45DA-8821-D26CAA67941B}.Release|x64.Build.0 = Release|x64
		{42B5E581-B786-45DA-8821-D26CAA67941B}.Release|x86.ActiveCfg = Release|x86
		{42B5E581-B786-45DA-8821-D26CAA67941B}.Release|x86.Build.0 = Release|x86
		{463503C1-4E8C-4E4C-A46D-221A96EA5A4D}.Debug|Any CPU.ActiveCfg = Debug|Any CPU
		{463503C1-4E8C-4E4C-A46D-221A96EA5A4D}.Debug|Any CPU.Build.0 = Debug|Any CPU
		{463503C1-4E8C-4E4C-A46D-221A96EA5A4D}.Debug|x64.ActiveCfg = Debug|x64
		{463503C1-4E8C-4E4C-A46D-221A96EA5A4D}.Debug|x64.Build.0 = Debug|x64
		{463503C1-4E8C-4E4C-A46D-221A96EA5A4D}.Debug|x86.ActiveCfg = Debug|x86
		{463503C1-4E8C-4E4C-A46D-221A96EA5A4D}.Debug|x86.Build.0 = Debug|x86
		{463503C1-4E8C-4E4C-A46D-221A96EA5A4D}.Release|Any CPU.ActiveCfg = Release|Any CPU
		{463503C1-4E8C-4E4C-A46D-221A96EA5A4D}.Release|Any CPU.Build.0 = Release|Any CPU
		{463503C1-4E8C-4E4C-A46D-221A96EA5A4D}.Release|x64.ActiveCfg = Release|x64
		{463503C1-4E8C-4E4C-A46D-221A96EA5A4D}.Release|x64.Build.0 = Release|x64
		{463503C1-4E8C-4E4C-A46D-221A96EA5A4D}.Release|x86.ActiveCfg = Release|x86
		{463503C1-4E8C-4E4C-A46D-221A96EA5A4D}.Release|x86.Build.0 = Release|x86
		{F34D99C8-7A30-4D0D-BE48-3F9BE5E639B7}.Debug|Any CPU.ActiveCfg = Debug|Any CPU
		{F34D99C8-7A30-4D0D-BE48-3F9BE5E639B7}.Debug|Any CPU.Build.0 = Debug|Any CPU
		{F34D99C8-7A30-4D0D-BE48-3F9BE5E639B7}.Debug|x64.ActiveCfg = Debug|x64
		{F34D99C8-7A30-4D0D-BE48-3F9BE5E639B7}.Debug|x64.Build.0 = Debug|x64
		{F34D99C8-7A30-4D0D-BE48-3F9BE5E639B7}.Debug|x86.ActiveCfg = Debug|x86
		{F34D99C8-7A30-4D0D-BE48-3F9BE5E639B7}.Debug|x86.Build.0 = Debug|x86
		{F34D99C8-7A30-4D0D-BE48-3F9BE5E639B7}.Release|Any CPU.ActiveCfg = Release|Any CPU
		{F34D99C8-7A30-4D0D-BE48-3F9BE5E639B7}.Release|Any CPU.Build.0 = Release|Any CPU
		{F34D99C8-7A30-4D0D-BE48-3F9BE5E639B7}.Release|x64.ActiveCfg = Release|x64
		{F34D99C8-7A30-4D0D-BE48-3F9BE5E639B7}.Release|x64.Build.0 = Release|x64
		{F34D99C8-7A30-4D0D-BE48-3F9BE5E639B7}.Release|x86.ActiveCfg = Release|x86
		{F34D99C8-7A30-4D0D-BE48-3F9BE5E639B7}.Release|x86.Build.0 = Release|x86
		{3132E1A5-FCD1-4040-9F70-4C1AFE4420FE}.Debug|Any CPU.ActiveCfg = Debug|Any CPU
		{3132E1A5-FCD1-4040-9F70-4C1AFE4420FE}.Debug|Any CPU.Build.0 = Debug|Any CPU
		{3132E1A5-FCD1-4040-9F70-4C1AFE4420FE}.Debug|x64.ActiveCfg = Debug|x64
		{3132E1A5-FCD1-4040-9F70-4C1AFE4420FE}.Debug|x64.Build.0 = Debug|x64
		{3132E1A5-FCD1-4040-9F70-4C1AFE4420FE}.Debug|x86.ActiveCfg = Debug|x86
		{3132E1A5-FCD1-4040-9F70-4C1AFE4420FE}.Debug|x86.Build.0 = Debug|x86
		{3132E1A5-FCD1-4040-9F70-4C1AFE4420FE}.Release|Any CPU.ActiveCfg = Release|Any CPU
		{3132E1A5-FCD1-4040-9F70-4C1AFE4420FE}.Release|Any CPU.Build.0 = Release|Any CPU
		{3132E1A5-FCD1-4040-9F70-4C1AFE4420FE}.Release|x64.ActiveCfg = Release|x64
		{3132E1A5-FCD1-4040-9F70-4C1AFE4420FE}.Release|x64.Build.0 = Release|x64
		{3132E1A5-FCD1-4040-9F70-4C1AFE4420FE}.Release|x86.ActiveCfg = Release|x86
		{3132E1A5-FCD1-4040-9F70-4C1AFE4420FE}.Release|x86.Build.0 = Release|x86
		{71D99491-64C2-4B77-BE2C-6F9A10B15942}.Debug|Any CPU.ActiveCfg = Debug|Any CPU
		{71D99491-64C2-4B77-BE2C-6F9A10B15942}.Debug|Any CPU.Build.0 = Debug|Any CPU
		{71D99491-64C2-4B77-BE2C-6F9A10B15942}.Debug|x64.ActiveCfg = Debug|x64
		{71D99491-64C2-4B77-BE2C-6F9A10B15942}.Debug|x64.Build.0 = Debug|x64
		{71D99491-64C2-4B77-BE2C-6F9A10B15942}.Debug|x86.ActiveCfg = Debug|x86
		{71D99491-64C2-4B77-BE2C-6F9A10B15942}.Debug|x86.Build.0 = Debug|x86
		{71D99491-64C2-4B77-BE2C-6F9A10B15942}.Release|Any CPU.ActiveCfg = Release|Any CPU
		{71D99491-64C2-4B77-BE2C-6F9A10B15942}.Release|Any CPU.Build.0 = Release|Any CPU
		{71D99491-64C2-4B77-BE2C-6F9A10B15942}.Release|x64.ActiveCfg = Release|x64
		{71D99491-64C2-4B77-BE2C-6F9A10B15942}.Release|x64.Build.0 = Release|x64
		{71D99491-64C2-4B77-BE2C-6F9A10B15942}.Release|x86.ActiveCfg = Release|x86
		{71D99491-64C2-4B77-BE2C-6F9A10B15942}.Release|x86.Build.0 = Release|x86
		{C88D013B-20BD-4513-8FA2-F99161D0F8D6}.Debug|Any CPU.ActiveCfg = Debug|Any CPU
		{C88D013B-20BD-4513-8FA2-F99161D0F8D6}.Debug|Any CPU.Build.0 = Debug|Any CPU
		{C88D013B-20BD-4513-8FA2-F99161D0F8D6}.Debug|x64.ActiveCfg = Debug|x64
		{C88D013B-20BD-4513-8FA2-F99161D0F8D6}.Debug|x64.Build.0 = Debug|x64
		{C88D013B-20BD-4513-8FA2-F99161D0F8D6}.Debug|x86.ActiveCfg = Debug|x86
		{C88D013B-20BD-4513-8FA2-F99161D0F8D6}.Debug|x86.Build.0 = Debug|x86
		{C88D013B-20BD-4513-8FA2-F99161D0F8D6}.Release|Any CPU.ActiveCfg = Release|Any CPU
		{C88D013B-20BD-4513-8FA2-F99161D0F8D6}.Release|Any CPU.Build.0 = Release|Any CPU
		{C88D013B-20BD-4513-8FA2-F99161D0F8D6}.Release|x64.ActiveCfg = Release|x64
		{C88D013B-20BD-4513-8FA2-F99161D0F8D6}.Release|x64.Build.0 = Release|x64
		{C88D013B-20BD-4513-8FA2-F99161D0F8D6}.Release|x86.ActiveCfg = Release|x86
		{C88D013B-20BD-4513-8FA2-F99161D0F8D6}.Release|x86.Build.0 = Release|x86
		{4E50F96D-D1EF-4953-962E-3260636E1298}.Debug|Any CPU.ActiveCfg = Debug|Any CPU
		{4E50F96D-D1EF-4953-962E-3260636E1298}.Debug|Any CPU.Build.0 = Debug|Any CPU
		{4E50F96D-D1EF-4953-962E-3260636E1298}.Debug|x64.ActiveCfg = Debug|x64
		{4E50F96D-D1EF-4953-962E-3260636E1298}.Debug|x64.Build.0 = Debug|x64
		{4E50F96D-D1EF-4953-962E-3260636E1298}.Debug|x86.ActiveCfg = Debug|x86
		{4E50F96D-D1EF-4953-962E-3260636E1298}.Debug|x86.Build.0 = Debug|x86
		{4E50F96D-D1EF-4953-962E-3260636E1298}.Release|Any CPU.ActiveCfg = Release|Any CPU
		{4E50F96D-D1EF-4953-962E-3260636E1298}.Release|Any CPU.Build.0 = Release|Any CPU
		{4E50F96D-D1EF-4953-962E-3260636E1298}.Release|x64.ActiveCfg = Release|x64
		{4E50F96D-D1EF-4953-962E-3260636E1298}.Release|x64.Build.0 = Release|x64
		{4E50F96D-D1EF-4953-962E-3260636E1298}.Release|x86.ActiveCfg = Release|x86
		{4E50F96D-D1EF-4953-962E-3260636E1298}.Release|x86.Build.0 = Release|x86
		{DC2276D4-385C-4C7B-BB04-7601F8234F0F}.Debug|Any CPU.ActiveCfg = Debug|Any CPU
		{DC2276D4-385C-4C7B-BB04-7601F8234F0F}.Debug|Any CPU.Build.0 = Debug|Any CPU
		{DC2276D4-385C-4C7B-BB04-7601F8234F0F}.Debug|x64.ActiveCfg = Debug|x64
		{DC2276D4-385C-4C7B-BB04-7601F8234F0F}.Debug|x64.Build.0 = Debug|x64
		{DC2276D4-385C-4C7B-BB04-7601F8234F0F}.Debug|x86.ActiveCfg = Debug|x86
		{DC2276D4-385C-4C7B-BB04-7601F8234F0F}.Debug|x86.Build.0 = Debug|x86
		{DC2276D4-385C-4C7B-BB04-7601F8234F0F}.Release|Any CPU.ActiveCfg = Release|Any CPU
		{DC2276D4-385C-4C7B-BB04-7601F8234F0F}.Release|Any CPU.Build.0 = Release|Any CPU
		{DC2276D4-385C-4C7B-BB04-7601F8234F0F}.Release|x64.ActiveCfg = Release|x64
		{DC2276D4-385C-4C7B-BB04-7601F8234F0F}.Release|x64.Build.0 = Release|x64
		{DC2276D4-385C-4C7B-BB04-7601F8234F0F}.Release|x86.ActiveCfg = Release|x86
		{DC2276D4-385C-4C7B-BB04-7601F8234F0F}.Release|x86.Build.0 = Release|x86
		{4DA75E1E-96EC-4058-9BE2-B6CCC24D4FCF}.Debug|Any CPU.ActiveCfg = Debug|Any CPU
		{4DA75E1E-96EC-4058-9BE2-B6CCC24D4FCF}.Debug|Any CPU.Build.0 = Debug|Any CPU
		{4DA75E1E-96EC-4058-9BE2-B6CCC24D4FCF}.Debug|x64.ActiveCfg = Debug|x64
		{4DA75E1E-96EC-4058-9BE2-B6CCC24D4FCF}.Debug|x64.Build.0 = Debug|x64
		{4DA75E1E-96EC-4058-9BE2-B6CCC24D4FCF}.Debug|x86.ActiveCfg = Debug|x86
		{4DA75E1E-96EC-4058-9BE2-B6CCC24D4FCF}.Debug|x86.Build.0 = Debug|x86
		{4DA75E1E-96EC-4058-9BE2-B6CCC24D4FCF}.Release|Any CPU.ActiveCfg = Release|Any CPU
		{4DA75E1E-96EC-4058-9BE2-B6CCC24D4FCF}.Release|Any CPU.Build.0 = Release|Any CPU
		{4DA75E1E-96EC-4058-9BE2-B6CCC24D4FCF}.Release|x64.ActiveCfg = Release|x64
		{4DA75E1E-96EC-4058-9BE2-B6CCC24D4FCF}.Release|x64.Build.0 = Release|x64
		{4DA75E1E-96EC-4058-9BE2-B6CCC24D4FCF}.Release|x86.ActiveCfg = Release|x86
		{4DA75E1E-96EC-4058-9BE2-B6CCC24D4FCF}.Release|x86.Build.0 = Release|x86
		{FCEBFE42-082A-4DEF-8ED6-8B1E7A6CB0E4}.Debug|Any CPU.ActiveCfg = Debug|Any CPU
		{FCEBFE42-082A-4DEF-8ED6-8B1E7A6CB0E4}.Debug|Any CPU.Build.0 = Debug|Any CPU
		{FCEBFE42-082A-4DEF-8ED6-8B1E7A6CB0E4}.Debug|x64.ActiveCfg = Debug|x64
		{FCEBFE42-082A-4DEF-8ED6-8B1E7A6CB0E4}.Debug|x64.Build.0 = Debug|x64
		{FCEBFE42-082A-4DEF-8ED6-8B1E7A6CB0E4}.Debug|x86.ActiveCfg = Debug|x86
		{FCEBFE42-082A-4DEF-8ED6-8B1E7A6CB0E4}.Debug|x86.Build.0 = Debug|x86
		{FCEBFE42-082A-4DEF-8ED6-8B1E7A6CB0E4}.Release|Any CPU.ActiveCfg = Release|Any CPU
		{FCEBFE42-082A-4DEF-8ED6-8B1E7A6CB0E4}.Release|Any CPU.Build.0 = Release|Any CPU
		{FCEBFE42-082A-4DEF-8ED6-8B1E7A6CB0E4}.Release|x64.ActiveCfg = Release|x64
		{FCEBFE42-082A-4DEF-8ED6-8B1E7A6CB0E4}.Release|x64.Build.0 = Release|x64
		{FCEBFE42-082A-4DEF-8ED6-8B1E7A6CB0E4}.Release|x86.ActiveCfg = Release|x86
		{FCEBFE42-082A-4DEF-8ED6-8B1E7A6CB0E4}.Release|x86.Build.0 = Release|x86
	EndGlobalSection
	GlobalSection(SolutionProperties) = preSolution
		HideSolutionNode = FALSE
	EndGlobalSection
EndGlobal
